%{"cecho": {:git, "https://github.com/mazenharake/cecho.git", "8d63d8061b1e8b7188f962779f8629a2791e2e82", []},
  "logger_file_backend": {:hex, :logger_file_backend, "0.0.8", "1cdf1c492d6f64ee5d76d423cd76e2282ae3a7800468cb8b305bdfd1e775c07b", [:mix], []},
  "portmidi": {:hex, :portmidi, "5.0.1", "21372bc549c9aec085a854e2006731dd0d8bb74e8133ccb8037ac84751c7f200", [:mix, :make], []}}
